
Microsoft Visual Studio Solution File, Format Version 12.00
# Visual Studio 14
VisualStudioVersion = 14.0.25420.1
MinimumVisualStudioVersion = 10.0.40219.1
Project("{FAE04EC0-301F-11D3-BF4B-00C04F79EFBC}") = "MastermindServer", "MastermindServer\MastermindServer.csproj", "{D734A1A2-3EE9-470A-A6DA-D90EE3BA792F}"
EndProject
Project("{FAE04EC0-301F-11D3-BF4B-00C04F79EFBC}") = "MastermindClient", "MastermindClient\MastermindClient.csproj", "{C7E61C28-D13C-4068-8926-8D02429878F2}"
EndProject
Project("{FAE04EC0-301F-11D3-BF4B-00C04F79EFBC}") = "MastermindInterfaces", "MastermindInterfaces\MastermindInterfaces.csproj", "{3E35D9EE-654E-49A4-9028-98A684A87EDB}"
EndProject
Global
	GlobalSection(SolutionConfigurationPlatforms) = preSolution
		Debug|Any CPU = Debug|Any CPU
		Release|Any CPU = Release|Any CPU
	EndGlobalSection
	GlobalSection(ProjectConfigurationPlatforms) = postSolution
		{D734A1A2-3EE9-470A-A6DA-D90EE3BA792F}.Debug|Any CPU.ActiveCfg = Debug|Any CPU
		{D734A1A2-3EE9-470A-A6DA-D90EE3BA792F}.Debug|Any CPU.Build.0 = Debug|Any CPU
		{D734A1A2-3EE9-470A-A6DA-D90EE3BA792F}.Release|Any CPU.ActiveCfg = Release|Any CPU
		{D734A1A2-3EE9-470A-A6DA-D90EE3BA792F}.Release|Any CPU.Build.0 = Release|Any CPU
		{C7E61C28-D13C-4068-8926-8D02429878F2}.Debug|Any CPU.ActiveCfg = Debug|Any CPU
		{C7E61C28-D13C-4068-8926-8D02429878F2}.Debug|Any CPU.Build.0 = Debug|Any CPU
		{C7E61C28-D13C-4068-8926-8D02429878F2}.Release|Any CPU.ActiveCfg = Release|Any CPU
		{C7E61C28-D13C-4068-8926-8D02429878F2}.Release|Any CPU.Build.0 = Release|Any CPU
		{3E35D9EE-654E-49A4-9028-98A684A87EDB}.Debug|Any CPU.ActiveCfg = Debug|Any CPU
		{3E35D9EE-654E-49A4-9028-98A684A87EDB}.Debug|Any CPU.Build.0 = Debug|Any CPU
		{3E35D9EE-654E-49A4-9028-98A684A87EDB}.Release|Any CPU.ActiveCfg = Release|Any CPU
		{3E35D9EE-654E-49A4-9028-98A684A87EDB}.Release|Any CPU.Build.0 = Release|Any CPU
	EndGlobalSection
	GlobalSection(SolutionProperties) = preSolution
		HideSolutionNode = FALSE
	EndGlobalSection
EndGlobal
